
Microsoft Visual Studio Solution File, Format Version 10.00
# Visual Studio 2008
Project("{FAE04EC0-301F-11D3-BF4B-00C04F79EFBC}") = "BlockedOpenProxyReviewerBot", "BlockedOpenProxyReviewerBot\BlockedOpenProxyReviewerBot.csproj", "{784AA94C-330C-49BB-8A85-70E6B9417C0E}"
EndProject
Project("{FAE04EC0-301F-11D3-BF4B-00C04F79EFBC}") = "Utility", "..\Utility\Utility.csproj", "{6C3D1374-BF46-45AD-A63E-4AA7DE4EB1C8}"
EndProject
Global
	GlobalSection(SubversionScc) = preSolution
		Svn-Managed = True
		Manager = AnkhSVN - Subversion Support for Visual Studio
	EndGlobalSection
	GlobalSection(SolutionConfigurationPlatforms) = preSolution
		Debug|Any CPU = Debug|Any CPU
		Release|Any CPU = Release|Any CPU
	EndGlobalSection
	GlobalSection(ProjectConfigurationPlatforms) = postSolution
		{784AA94C-330C-49BB-8A85-70E6B9417C0E}.Debug|Any CPU.ActiveCfg = Debug|Any CPU
		{784AA94C-330C-49BB-8A85-70E6B9417C0E}.Debug|Any CPU.Build.0 = Debug|Any CPU
		{784AA94C-330C-49BB-8A85-70E6B9417C0E}.Release|Any CPU.ActiveCfg = Release|Any CPU
		{784AA94C-330C-49BB-8A85-70E6B9417C0E}.Release|Any CPU.Build.0 = Release|Any CPU
		{6C3D1374-BF46-45AD-A63E-4AA7DE4EB1C8}.Debug|Any CPU.ActiveCfg = Debug|Any CPU
		{6C3D1374-BF46-45AD-A63E-4AA7DE4EB1C8}.Debug|Any CPU.Build.0 = Debug|Any CPU
		{6C3D1374-BF46-45AD-A63E-4AA7DE4EB1C8}.Release|Any CPU.ActiveCfg = Release|Any CPU
		{6C3D1374-BF46-45AD-A63E-4AA7DE4EB1C8}.Release|Any CPU.Build.0 = Release|Any CPU
	EndGlobalSection
	GlobalSection(SolutionProperties) = preSolution
		HideSolutionNode = FALSE
	EndGlobalSection
EndGlobal
